
Microsoft Visual Studio Solution File, Format Version 12.00
# Visual Studio 14
VisualStudioVersion = 14.0.25123.0
MinimumVisualStudioVersion = 10.0.40219.1
Project("{FAE04EC0-301F-11D3-BF4B-00C04F79EFBC}") = "MultipleProjects_git", "MultipleProjects_git\MultipleProjects_git.csproj", "{B006DB73-4E7D-4765-BEC2-D16C0DD7C1C8}"
EndProject
Project("{FAE04EC0-301F-11D3-BF4B-00C04F79EFBC}") = "DataHub", "DataHub\DataHub.csproj", "{B36BE39D-4242-46BE-A8E9-EABA4751F7F6}"
EndProject
Project("{FAE04EC0-301F-11D3-BF4B-00C04F79EFBC}") = "DomainModel", "DomainModel\DomainModel.csproj", "{38C53E84-3187-4C10-96C3-7F78859D3F6F}"
EndProject
Global
	GlobalSection(SolutionConfigurationPlatforms) = preSolution
		Debug|Any CPU = Debug|Any CPU
		Release|Any CPU = Release|Any CPU
	EndGlobalSection
	GlobalSection(ProjectConfigurationPlatforms) = postSolution
		{B006DB73-4E7D-4765-BEC2-D16C0DD7C1C8}.Debug|Any CPU.ActiveCfg = Debug|Any CPU
		{B006DB73-4E7D-4765-BEC2-D16C0DD7C1C8}.Debug|Any CPU.Build.0 = Debug|Any CPU
		{B006DB73-4E7D-4765-BEC2-D16C0DD7C1C8}.Release|Any CPU.ActiveCfg = Release|Any CPU
		{B006DB73-4E7D-4765-BEC2-D16C0DD7C1C8}.Release|Any CPU.Build.0 = Release|Any CPU
		{B36BE39D-4242-46BE-A8E9-EABA4751F7F6}.Debug|Any CPU.ActiveCfg = Debug|Any CPU
		{B36BE39D-4242-46BE-A8E9-EABA4751F7F6}.Debug|Any CPU.Build.0 = Debug|Any CPU
		{B36BE39D-4242-46BE-A8E9-EABA4751F7F6}.Release|Any CPU.ActiveCfg = Release|Any CPU
		{B36BE39D-4242-46BE-A8E9-EABA4751F7F6}.Release|Any CPU.Build.0 = Release|Any CPU
		{38C53E84-3187-4C10-96C3-7F78859D3F6F}.Debug|Any CPU.ActiveCfg = Debug|Any CPU
		{38C53E84-3187-4C10-96C3-7F78859D3F6F}.Debug|Any CPU.Build.0 = Debug|Any CPU
		{38C53E84-3187-4C10-96C3-7F78859D3F6F}.Release|Any CPU.ActiveCfg = Release|Any CPU
		{38C53E84-3187-4C10-96C3-7F78859D3F6F}.Release|Any CPU.Build.0 = Release|Any CPU
	EndGlobalSection
	GlobalSection(SolutionProperties) = preSolution
		HideSolutionNode = FALSE
	EndGlobalSection
EndGlobal
